[{<<"jsone">>,
  {git,"git://github.com/sile/jsone.git",
       {ref,"eecc9666c7165e1870b78a7a762549ae8d1c391b"}},
  0},
 {<<"logi">>,
  {git,"git://github.com/sile/logi.git",
       {ref,"1bb75521a21102a61fbb7e335d1f84905e890e7e"}},
  0},
 {<<"logi_stdlib">>,
  {git,"git://github.com/sile/logi_stdlib.git",
       {ref,"38548747ab70e62ee0c867e42df77972e3b8726b"}},
  0}].
